// !$*UTF8*$!
{
	archiveVersion = 1;
	classes = {
	};
	objectVersion = 46;
	objects = {

/* Begin PBXBuildFile section */
		0F0DC9E90B2DC1FE3E642F33 /* Pods_MeltwaterKitTests.framework in Frameworks */ = {isa = PBXBuildFile; fileRef = 35146BF4EB56421D2D76729A /* Pods_MeltwaterKitTests.framework */; };
		3D8E0E897FA1C367C92C27E2 /* Pods_MeltwaterKit.framework in Frameworks */ = {isa = PBXBuildFile; fileRef = A6E7B35994DFE4C125D0FD49 /* Pods_MeltwaterKit.framework */; };
		7F7D9CB3EC1AC4929E412B69 /* Pods_MeltwaterKitDemo.framework in Frameworks */ = {isa = PBXBuildFile; fileRef = 9A85D2898CC2694C94C4B181 /* Pods_MeltwaterKitDemo.framework */; };
		B253F9021E86089400EF58E7 /* MeltwaterKit.h in Headers */ = {isa = PBXBuildFile; fileRef = B253F8F41E86089400EF58E7 /* MeltwaterKit.h */; settings = {ATTRIBUTES = (Public, ); }; };
		B253F9101E860A9500EF58E7 /* MeltwaterKit.storyboard in Resources */ = {isa = PBXBuildFile; fileRef = B253F90F1E860A9500EF58E7 /* MeltwaterKit.storyboard */; };
		B253F94F1E860BE400EF58E7 /* AppDelegate.swift in Sources */ = {isa = PBXBuildFile; fileRef = B253F94E1E860BE400EF58E7 /* AppDelegate.swift */; };
		B253F9511E860BE400EF58E7 /* LoginViewController.swift in Sources */ = {isa = PBXBuildFile; fileRef = B253F9501E860BE400EF58E7 /* LoginViewController.swift */; };
		B253F9541E860BE400EF58E7 /* Main.storyboard in Resources */ = {isa = PBXBuildFile; fileRef = B253F9521E860BE400EF58E7 /* Main.storyboard */; };
		B253F9571E860BE400EF58E7 /* MeltwaterKitDemo.xcdatamodeld in Sources */ = {isa = PBXBuildFile; fileRef = B253F9551E860BE400EF58E7 /* MeltwaterKitDemo.xcdatamodeld */; };
		B253F9591E860BE400EF58E7 /* Assets.xcassets in Resources */ = {isa = PBXBuildFile; fileRef = B253F9581E860BE400EF58E7 /* Assets.xcassets */; };
		B253F95C1E860BE400EF58E7 /* LaunchScreen.storyboard in Resources */ = {isa = PBXBuildFile; fileRef = B253F95A1E860BE400EF58E7 /* LaunchScreen.storyboard */; };
		B253F9721E860BE400EF58E7 /* MeltwaterKitDemoUITests.swift in Sources */ = {isa = PBXBuildFile; fileRef = B253F9711E860BE400EF58E7 /* MeltwaterKitDemoUITests.swift */; };
		B253F97E1E86341D00EF58E7 /* Assets.xcassets in Resources */ = {isa = PBXBuildFile; fileRef = B253F97D1E86341D00EF58E7 /* Assets.xcassets */; };
		B25D62341E934D9C00E3B7E6 /* RainbowView.swift in Sources */ = {isa = PBXBuildFile; fileRef = B25D62331E934D9C00E3B7E6 /* RainbowView.swift */; };
		B25D62361E93614600E3B7E6 /* MWStyles.swift in Sources */ = {isa = PBXBuildFile; fileRef = B25D62351E93614600E3B7E6 /* MWStyles.swift */; };
		B25D623D1E9381B100E3B7E6 /* MWStyles.swift in Sources */ = {isa = PBXBuildFile; fileRef = B25D62351E93614600E3B7E6 /* MWStyles.swift */; };
		B25D62451E93861100E3B7E6 /* BlueTheme.plist in Resources */ = {isa = PBXBuildFile; fileRef = B25D62421E93861100E3B7E6 /* BlueTheme.plist */; };
		B25D62461E93861100E3B7E6 /* dark_logo.png in Resources */ = {isa = PBXBuildFile; fileRef = B25D62431E93861100E3B7E6 /* dark_logo.png */; };
		B25D62471E93861100E3B7E6 /* ThailandTheme.plist in Resources */ = {isa = PBXBuildFile; fileRef = B25D62441E93861100E3B7E6 /* ThailandTheme.plist */; };
		B25D62491E93868000E3B7E6 /* BlueTheme.plist in Resources */ = {isa = PBXBuildFile; fileRef = B25D62421E93861100E3B7E6 /* BlueTheme.plist */; };
		B25D624A1E93868400E3B7E6 /* ThailandTheme.plist in Resources */ = {isa = PBXBuildFile; fileRef = B25D62441E93861100E3B7E6 /* ThailandTheme.plist */; };
		B25D624B1E94344F00E3B7E6 /* dark_logo.png in Resources */ = {isa = PBXBuildFile; fileRef = B25D62431E93861100E3B7E6 /* dark_logo.png */; };
		B25D62551E946C7400E3B7E6 /* SearchViewController.swift in Sources */ = {isa = PBXBuildFile; fileRef = B25D62541E946C7400E3B7E6 /* SearchViewController.swift */; };
		B25D62561E946C7400E3B7E6 /* SearchViewController.swift in Sources */ = {isa = PBXBuildFile; fileRef = B25D62541E946C7400E3B7E6 /* SearchViewController.swift */; };
		B25D62581E9480EE00E3B7E6 /* SearchRouter.swift in Sources */ = {isa = PBXBuildFile; fileRef = B25D62571E9480EE00E3B7E6 /* SearchRouter.swift */; };
		B25D62591E9480EE00E3B7E6 /* SearchRouter.swift in Sources */ = {isa = PBXBuildFile; fileRef = B25D62571E9480EE00E3B7E6 /* SearchRouter.swift */; };
		B2618C831ECC9BCB002DF6A0 /* MagicLinkViewController.swift in Sources */ = {isa = PBXBuildFile; fileRef = B2618C821ECC9BCB002DF6A0 /* MagicLinkViewController.swift */; };
		B2618C851ECC9DDA002DF6A0 /* Auth0.plist in Resources */ = {isa = PBXBuildFile; fileRef = B2618C841ECC9DDA002DF6A0 /* Auth0.plist */; };
		B2BAE3A11ED483AB0069D8A9 /* MagicLinkViewModel.swift in Sources */ = {isa = PBXBuildFile; fileRef = B2BAE3A01ED483AB0069D8A9 /* MagicLinkViewModel.swift */; };
		B2BAE3A41ED4880A0069D8A9 /* AuthModel.swift in Sources */ = {isa = PBXBuildFile; fileRef = B2BAE3A31ED4880A0069D8A9 /* AuthModel.swift */; };
		B2BAE3A61ED547FC0069D8A9 /* mailbox.png in Resources */ = {isa = PBXBuildFile; fileRef = B2BAE3A51ED547FC0069D8A9 /* mailbox.png */; };
		B2BAE3A81ED548110069D8A9 /* logo.pdf in Resources */ = {isa = PBXBuildFile; fileRef = B2BAE3A71ED548110069D8A9 /* logo.pdf */; };
		B2BAE3A91ED548280069D8A9 /* logo.pdf in Resources */ = {isa = PBXBuildFile; fileRef = B2BAE3A71ED548110069D8A9 /* logo.pdf */; };
		B2BAE3AA1ED5482D0069D8A9 /* mailbox.png in Resources */ = {isa = PBXBuildFile; fileRef = B2BAE3A51ED547FC0069D8A9 /* mailbox.png */; };
		B2BAE3AB1ED54A1E0069D8A9 /* MagicLinkViewController.swift in Sources */ = {isa = PBXBuildFile; fileRef = B2618C821ECC9BCB002DF6A0 /* MagicLinkViewController.swift */; };
		B2BAE3AC1ED54A220069D8A9 /* MagicLinkViewModel.swift in Sources */ = {isa = PBXBuildFile; fileRef = B2BAE3A01ED483AB0069D8A9 /* MagicLinkViewModel.swift */; };
		B2BAE3AD1ED54A270069D8A9 /* AuthModel.swift in Sources */ = {isa = PBXBuildFile; fileRef = B2BAE3A31ED4880A0069D8A9 /* AuthModel.swift */; };
		B2BAE3AF1ED54CA20069D8A9 /* Auth0.plist in Resources */ = {isa = PBXBuildFile; fileRef = B2BAE3AE1ED54CA20069D8A9 /* Auth0.plist */; };
		B2BAE3B11ED66E130069D8A9 /* EmailSentViewController.swift in Sources */ = {isa = PBXBuildFile; fileRef = B2BAE3B01ED66E130069D8A9 /* EmailSentViewController.swift */; };
		B2BAE3B21ED66E130069D8A9 /* EmailSentViewController.swift in Sources */ = {isa = PBXBuildFile; fileRef = B2BAE3B01ED66E130069D8A9 /* EmailSentViewController.swift */; };
		B2BAE3B41ED720700069D8A9 /* MWLoginManager.swift in Sources */ = {isa = PBXBuildFile; fileRef = B2BAE3B31ED720700069D8A9 /* MWLoginManager.swift */; };
		B2BAE3B51ED720700069D8A9 /* MWLoginManager.swift in Sources */ = {isa = PBXBuildFile; fileRef = B2BAE3B31ED720700069D8A9 /* MWLoginManager.swift */; };
		B2E1EECF1E8EA4CE0010E32C /* Assets.xcassets in Resources */ = {isa = PBXBuildFile; fileRef = B253F97D1E86341D00EF58E7 /* Assets.xcassets */; };
		B2E1EED41E90637A0010E32C /* MWLoginViewController.swift in Sources */ = {isa = PBXBuildFile; fileRef = B2E1EED31E90637A0010E32C /* MWLoginViewController.swift */; };
		B2E1EEDF1E90A9FC0010E32C /* FHAIProtocols.swift in Sources */ = {isa = PBXBuildFile; fileRef = B2E1EEDE1E90A9FC0010E32C /* FHAIProtocols.swift */; };
		B2E1EEF91E90B2D30010E32C /* MeltwaterKitTests.swift in Sources */ = {isa = PBXBuildFile; fileRef = B2E1EEF81E90B2D30010E32C /* MeltwaterKitTests.swift */; };
		B2E1EEFB1E90B2D30010E32C /* MeltwaterKit.framework in Frameworks */ = {isa = PBXBuildFile; fileRef = B253F8F11E86089400EF58E7 /* MeltwaterKit.framework */; };
		B2E1EF021E90B30F0010E32C /* FHAIDataModelTests.swift in Sources */ = {isa = PBXBuildFile; fileRef = B2E1EF011E90B30F0010E32C /* FHAIDataModelTests.swift */; };
		B2E1EF061E90B8CA0010E32C /* RestClient.swift in Sources */ = {isa = PBXBuildFile; fileRef = B2E1EF051E90B8CA0010E32C /* RestClient.swift */; };
		B2E1EF0A1E90D9090010E32C /* FHAIInteractor.swift in Sources */ = {isa = PBXBuildFile; fileRef = B2E1EF091E90D9090010E32C /* FHAIInteractor.swift */; };
		B2E1EF0D1E90DC730010E32C /* FHAIModels.swift in Sources */ = {isa = PBXBuildFile; fileRef = B2E1EF0C1E90DC730010E32C /* FHAIModels.swift */; };
		B2E1EF101E90E34C0010E32C /* RestClient.swift in Sources */ = {isa = PBXBuildFile; fileRef = B2E1EF051E90B8CA0010E32C /* RestClient.swift */; };
		B2E1EF131E90E3EF0010E32C /* FHAIDataManager.swift in Sources */ = {isa = PBXBuildFile; fileRef = B2E1EF121E90E3EF0010E32C /* FHAIDataManager.swift */; };
		B2E1EF141E90E4190010E32C /* FHAIDataManager.swift in Sources */ = {isa = PBXBuildFile; fileRef = B2E1EF121E90E3EF0010E32C /* FHAIDataManager.swift */; };
		B2E1EF151E90E4500010E32C /* FHAIProtocols.swift in Sources */ = {isa = PBXBuildFile; fileRef = B2E1EEDE1E90A9FC0010E32C /* FHAIProtocols.swift */; };
		B2E1EF161E90E4600010E32C /* FHAIModels.swift in Sources */ = {isa = PBXBuildFile; fileRef = B2E1EF0C1E90DC730010E32C /* FHAIModels.swift */; };
		B2E1EF191E9132F00010E32C /* FHAIPresenter.swift in Sources */ = {isa = PBXBuildFile; fileRef = B2E1EF181E9132F00010E32C /* FHAIPresenter.swift */; };
		B2E1EF1C1E9134400010E32C /* FHAIRouter.swift in Sources */ = {isa = PBXBuildFile; fileRef = B2E1EF1B1E9134400010E32C /* FHAIRouter.swift */; };
		B2E1EF1E1E9138470010E32C /* FHAIDocumentsViewController.swift in Sources */ = {isa = PBXBuildFile; fileRef = B2E1EF1D1E9138470010E32C /* FHAIDocumentsViewController.swift */; };
		B2E1EF201E913C550010E32C /* FHAIDocumentsTableViewCell.swift in Sources */ = {isa = PBXBuildFile; fileRef = B2E1EF1F1E913C550010E32C /* FHAIDocumentsTableViewCell.swift */; };
		B2E1EF211E9160D80010E32C /* FHAIRouter.swift in Sources */ = {isa = PBXBuildFile; fileRef = B2E1EF1B1E9134400010E32C /* FHAIRouter.swift */; };
		B2E1EF221E9160FC0010E32C /* MWLoginViewController.swift in Sources */ = {isa = PBXBuildFile; fileRef = B2E1EED31E90637A0010E32C /* MWLoginViewController.swift */; };
		B2E1EF231E9160FE0010E32C /* FHAIDocumentsViewController.swift in Sources */ = {isa = PBXBuildFile; fileRef = B2E1EF1D1E9138470010E32C /* FHAIDocumentsViewController.swift */; };
		B2E1EF241E9161010010E32C /* FHAIDocumentsTableViewCell.swift in Sources */ = {isa = PBXBuildFile; fileRef = B2E1EF1F1E913C550010E32C /* FHAIDocumentsTableViewCell.swift */; };
		B2E1EF251E91610B0010E32C /* FHAIInteractor.swift in Sources */ = {isa = PBXBuildFile; fileRef = B2E1EF091E90D9090010E32C /* FHAIInteractor.swift */; };
		B2E1EF261E9161100010E32C /* FHAIDataManager.swift in Sources */ = {isa = PBXBuildFile; fileRef = B2E1EF121E90E3EF0010E32C /* FHAIDataManager.swift */; };
		B2E1EF271E9161130010E32C /* RestClient.swift in Sources */ = {isa = PBXBuildFile; fileRef = B2E1EF051E90B8CA0010E32C /* RestClient.swift */; };
		B2E1EF281E9161170010E32C /* FHAIProtocols.swift in Sources */ = {isa = PBXBuildFile; fileRef = B2E1EEDE1E90A9FC0010E32C /* FHAIProtocols.swift */; };
		B2E1EF291E91611B0010E32C /* FHAIPresenter.swift in Sources */ = {isa = PBXBuildFile; fileRef = B2E1EF181E9132F00010E32C /* FHAIPresenter.swift */; };
		B2E1EF2A1E91611F0010E32C /* FHAIModels.swift in Sources */ = {isa = PBXBuildFile; fileRef = B2E1EF0C1E90DC730010E32C /* FHAIModels.swift */; };
		B2E1EF2B1E9162950010E32C /* MeltwaterKit.storyboard in Resources */ = {isa = PBXBuildFile; fileRef = B253F90F1E860A9500EF58E7 /* MeltwaterKit.storyboard */; };
		B72A60F51E97982A0071E155 /* CustomProperties.plist in Resources */ = {isa = PBXBuildFile; fileRef = B72A60F41E97982A0071E155 /* CustomProperties.plist */; };
		B72A60F61E97982A0071E155 /* CustomProperties.plist in Resources */ = {isa = PBXBuildFile; fileRef = B72A60F41E97982A0071E155 /* CustomProperties.plist */; };
		B72A60F81E9798530071E155 /* CustomProperties.plist in Resources */ = {isa = PBXBuildFile; fileRef = B72A60F71E9798530071E155 /* CustomProperties.plist */; };
		B72A60F91E9798530071E155 /* CustomProperties.plist in Resources */ = {isa = PBXBuildFile; fileRef = B72A60F71E9798530071E155 /* CustomProperties.plist */; };
		B7E2ED4C1E97B043003DB83F /* FHAWebViewController.swift in Sources */ = {isa = PBXBuildFile; fileRef = B7E2ED4B1E97B043003DB83F /* FHAWebViewController.swift */; };
		B7E2ED4D1E97B043003DB83F /* FHAWebViewController.swift in Sources */ = {isa = PBXBuildFile; fileRef = B7E2ED4B1E97B043003DB83F /* FHAWebViewController.swift */; };
/* End PBXBuildFile section */

/* Begin PBXContainerItemProxy section */
		B253F96E1E860BE400EF58E7 /* PBXContainerItemProxy */ = {
			isa = PBXContainerItemProxy;
			containerPortal = B253F8E81E86089400EF58E7 /* Project object */;
			proxyType = 1;
			remoteGlobalIDString = B253F94B1E860BE400EF58E7;
			remoteInfo = MeltwaterKitDemo;
		};
		B2E1EEFC1E90B2D30010E32C /* PBXContainerItemProxy */ = {
			isa = PBXContainerItemProxy;
			containerPortal = B253F8E81E86089400EF58E7 /* Project object */;
			proxyType = 1;
			remoteGlobalIDString = B253F8F01E86089400EF58E7;
			remoteInfo = MeltwaterKit;
		};
/* End PBXContainerItemProxy section */

/* Begin PBXFileReference section */
		1098F932FF074AE720787AE6 /* Pods-MeltwaterKitTest.debug.xcconfig */ = {isa = PBXFileReference; includeInIndex = 1; lastKnownFileType = text.xcconfig; name = "Pods-MeltwaterKitTest.debug.xcconfig"; path = "Pods/Target Support Files/Pods-MeltwaterKitTest/Pods-MeltwaterKitTest.debug.xcconfig"; sourceTree = "<group>"; };
		35146BF4EB56421D2D76729A /* Pods_MeltwaterKitTests.framework */ = {isa = PBXFileReference; explicitFileType = wrapper.framework; includeInIndex = 0; path = Pods_MeltwaterKitTests.framework; sourceTree = BUILT_PRODUCTS_DIR; };
		36CCB751C8390EF53E364F0D /* Pods-MeltwaterKitDemo.release.xcconfig */ = {isa = PBXFileReference; includeInIndex = 1; lastKnownFileType = text.xcconfig; name = "Pods-MeltwaterKitDemo.release.xcconfig"; path = "Pods/Target Support Files/Pods-MeltwaterKitDemo/Pods-MeltwaterKitDemo.release.xcconfig"; sourceTree = "<group>"; };
		69E61311E32E7956618151A3 /* Pods_MeltwaterKitTest.framework */ = {isa = PBXFileReference; explicitFileType = wrapper.framework; includeInIndex = 0; path = Pods_MeltwaterKitTest.framework; sourceTree = BUILT_PRODUCTS_DIR; };
		6DB88598FAC4ABFF8CC0E7D6 /* Pods-MeltwaterKit.debug.xcconfig */ = {isa = PBXFileReference; includeInIndex = 1; lastKnownFileType = text.xcconfig; name = "Pods-MeltwaterKit.debug.xcconfig"; path = "Pods/Target Support Files/Pods-MeltwaterKit/Pods-MeltwaterKit.debug.xcconfig"; sourceTree = "<group>"; };
		9A85D2898CC2694C94C4B181 /* Pods_MeltwaterKitDemo.framework */ = {isa = PBXFileReference; explicitFileType = wrapper.framework; includeInIndex = 0; path = Pods_MeltwaterKitDemo.framework; sourceTree = BUILT_PRODUCTS_DIR; };
		9DBF60FE59705A93E0165DB3 /* Pods-MeltwaterKitTests.debug.xcconfig */ = {isa = PBXFileReference; includeInIndex = 1; lastKnownFileType = text.xcconfig; name = "Pods-MeltwaterKitTests.debug.xcconfig"; path = "Pods/Target Support Files/Pods-MeltwaterKitTests/Pods-MeltwaterKitTests.debug.xcconfig"; sourceTree = "<group>"; };
		A6E7B35994DFE4C125D0FD49 /* Pods_MeltwaterKit.framework */ = {isa = PBXFileReference; explicitFileType = wrapper.framework; includeInIndex = 0; path = Pods_MeltwaterKit.framework; sourceTree = BUILT_PRODUCTS_DIR; };
		B253F8F11E86089400EF58E7 /* MeltwaterKit.framework */ = {isa = PBXFileReference; explicitFileType = wrapper.framework; includeInIndex = 0; path = MeltwaterKit.framework; sourceTree = BUILT_PRODUCTS_DIR; };
		B253F8F41E86089400EF58E7 /* MeltwaterKit.h */ = {isa = PBXFileReference; lastKnownFileType = sourcecode.c.h; path = MeltwaterKit.h; sourceTree = "<group>"; };
		B253F8F51E86089400EF58E7 /* Info.plist */ = {isa = PBXFileReference; lastKnownFileType = text.plist.xml; path = Info.plist; sourceTree = "<group>"; };
		B253F90F1E860A9500EF58E7 /* MeltwaterKit.storyboard */ = {isa = PBXFileReference; fileEncoding = 4; lastKnownFileType = file.storyboard; name = MeltwaterKit.storyboard; path = ui/MeltwaterKit.storyboard; sourceTree = "<group>"; };
		B253F93C1E860BA500EF58E7 /* MeltwaterKitTestUITests.swift */ = {isa = PBXFileReference; lastKnownFileType = sourcecode.swift; path = MeltwaterKitTestUITests.swift; sourceTree = "<group>"; };
		B253F93E1E860BA500EF58E7 /* Info.plist */ = {isa = PBXFileReference; lastKnownFileType = text.plist.xml; path = Info.plist; sourceTree = "<group>"; };
		B253F94C1E860BE400EF58E7 /* MeltwaterKitDemo.app */ = {isa = PBXFileReference; explicitFileType = wrapper.application; includeInIndex = 0; path = MeltwaterKitDemo.app; sourceTree = BUILT_PRODUCTS_DIR; };
		B253F94E1E860BE400EF58E7 /* AppDelegate.swift */ = {isa = PBXFileReference; lastKnownFileType = sourcecode.swift; path = AppDelegate.swift; sourceTree = "<group>"; };
		B253F9501E860BE400EF58E7 /* LoginViewController.swift */ = {isa = PBXFileReference; lastKnownFileType = sourcecode.swift; path = LoginViewController.swift; sourceTree = "<group>"; };
		B253F9531E860BE400EF58E7 /* Base */ = {isa = PBXFileReference; lastKnownFileType = file.storyboard; name = Base; path = Base.lproj/Main.storyboard; sourceTree = "<group>"; };
		B253F9561E860BE400EF58E7 /* MeltwaterKitDemo.xcdatamodel */ = {isa = PBXFileReference; lastKnownFileType = wrapper.xcdatamodel; path = MeltwaterKitDemo.xcdatamodel; sourceTree = "<group>"; };
		B253F9581E860BE400EF58E7 /* Assets.xcassets */ = {isa = PBXFileReference; lastKnownFileType = folder.assetcatalog; path = Assets.xcassets; sourceTree = "<group>"; };
		B253F95B1E860BE400EF58E7 /* Base */ = {isa = PBXFileReference; lastKnownFileType = file.storyboard; name = Base; path = Base.lproj/LaunchScreen.storyboard; sourceTree = "<group>"; };
		B253F95D1E860BE400EF58E7 /* Info.plist */ = {isa = PBXFileReference; lastKnownFileType = text.plist.xml; path = Info.plist; sourceTree = "<group>"; };
		B253F96D1E860BE400EF58E7 /* MeltwaterKitDemoUITests.xctest */ = {isa = PBXFileReference; explicitFileType = wrapper.cfbundle; includeInIndex = 0; path = MeltwaterKitDemoUITests.xctest; sourceTree = BUILT_PRODUCTS_DIR; };
		B253F9711E860BE400EF58E7 /* MeltwaterKitDemoUITests.swift */ = {isa = PBXFileReference; lastKnownFileType = sourcecode.swift; path = MeltwaterKitDemoUITests.swift; sourceTree = "<group>"; };
		B253F9731E860BE400EF58E7 /* Info.plist */ = {isa = PBXFileReference; lastKnownFileType = text.plist.xml; path = Info.plist; sourceTree = "<group>"; };
		B253F97D1E86341D00EF58E7 /* Assets.xcassets */ = {isa = PBXFileReference; lastKnownFileType = folder.assetcatalog; path = Assets.xcassets; sourceTree = "<group>"; };
		B25D62331E934D9C00E3B7E6 /* RainbowView.swift */ = {isa = PBXFileReference; fileEncoding = 4; lastKnownFileType = sourcecode.swift; name = RainbowView.swift; path = classes/RainbowView.swift; sourceTree = "<group>"; };
		B25D62351E93614600E3B7E6 /* MWStyles.swift */ = {isa = PBXFileReference; fileEncoding = 4; lastKnownFileType = sourcecode.swift; name = MWStyles.swift; path = classes/MWStyles.swift; sourceTree = "<group>"; };
		B25D62421E93861100E3B7E6 /* BlueTheme.plist */ = {isa = PBXFileReference; fileEncoding = 4; lastKnownFileType = text.plist.xml; name = BlueTheme.plist; path = ui/BlueTheme.plist; sourceTree = "<group>"; };
		B25D62431E93861100E3B7E6 /* dark_logo.png */ = {isa = PBXFileReference; lastKnownFileType = image.png; name = dark_logo.png; path = ui/dark_logo.png; sourceTree = "<group>"; };
		B25D62441E93861100E3B7E6 /* ThailandTheme.plist */ = {isa = PBXFileReference; fileEncoding = 4; lastKnownFileType = text.plist.xml; name = ThailandTheme.plist; path = ui/ThailandTheme.plist; sourceTree = "<group>"; };
		B25D62541E946C7400E3B7E6 /* SearchViewController.swift */ = {isa = PBXFileReference; fileEncoding = 4; lastKnownFileType = sourcecode.swift; name = SearchViewController.swift; path = classes/SearchViewController.swift; sourceTree = "<group>"; };
		B25D62571E9480EE00E3B7E6 /* SearchRouter.swift */ = {isa = PBXFileReference; fileEncoding = 4; lastKnownFileType = sourcecode.swift; name = SearchRouter.swift; path = classes/SearchRouter.swift; sourceTree = "<group>"; };
		B2618C821ECC9BCB002DF6A0 /* MagicLinkViewController.swift */ = {isa = PBXFileReference; fileEncoding = 4; lastKnownFileType = sourcecode.swift; name = MagicLinkViewController.swift; path = classes/MagicLinkViewController.swift; sourceTree = "<group>"; };
		B2618C841ECC9DDA002DF6A0 /* Auth0.plist */ = {isa = PBXFileReference; fileEncoding = 4; lastKnownFileType = text.plist.xml; path = Auth0.plist; sourceTree = "<group>"; };
		B2BAE3A01ED483AB0069D8A9 /* MagicLinkViewModel.swift */ = {isa = PBXFileReference; fileEncoding = 4; lastKnownFileType = sourcecode.swift; name = MagicLinkViewModel.swift; path = classes/MagicLinkViewModel.swift; sourceTree = "<group>"; };
		B2BAE3A31ED4880A0069D8A9 /* AuthModel.swift */ = {isa = PBXFileReference; fileEncoding = 4; lastKnownFileType = sourcecode.swift; name = AuthModel.swift; path = classes/AuthModel.swift; sourceTree = "<group>"; };
		B2BAE3A51ED547FC0069D8A9 /* mailbox.png */ = {isa = PBXFileReference; lastKnownFileType = image.png; path = mailbox.png; sourceTree = "<group>"; };
		B2BAE3A71ED548110069D8A9 /* logo.pdf */ = {isa = PBXFileReference; lastKnownFileType = image.pdf; path = logo.pdf; sourceTree = "<group>"; };
		B2BAE3AE1ED54CA20069D8A9 /* Auth0.plist */ = {isa = PBXFileReference; fileEncoding = 4; lastKnownFileType = text.plist.xml; path = Auth0.plist; sourceTree = "<group>"; };
		B2BAE3B01ED66E130069D8A9 /* EmailSentViewController.swift */ = {isa = PBXFileReference; fileEncoding = 4; lastKnownFileType = sourcecode.swift; name = EmailSentViewController.swift; path = classes/EmailSentViewController.swift; sourceTree = "<group>"; };
		B2BAE3B31ED720700069D8A9 /* MWLoginManager.swift */ = {isa = PBXFileReference; fileEncoding = 4; lastKnownFileType = sourcecode.swift; name = MWLoginManager.swift; path = classes/MWLoginManager.swift; sourceTree = "<group>"; };
		B2DE4B4C1EAD76E300F1012A /* MeltwaterKitDemo.entitlements */ = {isa = PBXFileReference; lastKnownFileType = text.plist.entitlements; path = MeltwaterKitDemo.entitlements; sourceTree = "<group>"; };
		B2E1EED31E90637A0010E32C /* MWLoginViewController.swift */ = {isa = PBXFileReference; fileEncoding = 4; lastKnownFileType = sourcecode.swift; name = MWLoginViewController.swift; path = classes/MWLoginViewController.swift; sourceTree = "<group>"; };
		B2E1EEDE1E90A9FC0010E32C /* FHAIProtocols.swift */ = {isa = PBXFileReference; fileEncoding = 4; lastKnownFileType = sourcecode.swift; name = FHAIProtocols.swift; path = classes/FHAIProtocols.swift; sourceTree = "<group>"; };
		B2E1EEF61E90B2D30010E32C /* MeltwaterKitTests.xctest */ = {isa = PBXFileReference; explicitFileType = wrapper.cfbundle; includeInIndex = 0; path = MeltwaterKitTests.xctest; sourceTree = BUILT_PRODUCTS_DIR; };
		B2E1EEF81E90B2D30010E32C /* MeltwaterKitTests.swift */ = {isa = PBXFileReference; lastKnownFileType = sourcecode.swift; path = MeltwaterKitTests.swift; sourceTree = "<group>"; };
		B2E1EEFA1E90B2D30010E32C /* Info.plist */ = {isa = PBXFileReference; lastKnownFileType = text.plist.xml; path = Info.plist; sourceTree = "<group>"; };
		B2E1EF011E90B30F0010E32C /* FHAIDataModelTests.swift */ = {isa = PBXFileReference; fileEncoding = 4; lastKnownFileType = sourcecode.swift; path = FHAIDataModelTests.swift; sourceTree = "<group>"; };
		B2E1EF051E90B8CA0010E32C /* RestClient.swift */ = {isa = PBXFileReference; fileEncoding = 4; lastKnownFileType = sourcecode.swift; name = RestClient.swift; path = classes/RestClient.swift; sourceTree = "<group>"; };
		B2E1EF091E90D9090010E32C /* FHAIInteractor.swift */ = {isa = PBXFileReference; fileEncoding = 4; lastKnownFileType = sourcecode.swift; name = FHAIInteractor.swift; path = classes/FHAIInteractor.swift; sourceTree = "<group>"; };
		B2E1EF0C1E90DC730010E32C /* FHAIModels.swift */ = {isa = PBXFileReference; fileEncoding = 4; lastKnownFileType = sourcecode.swift; name = FHAIModels.swift; path = classes/FHAIModels.swift; sourceTree = "<group>"; };
		B2E1EF121E90E3EF0010E32C /* FHAIDataManager.swift */ = {isa = PBXFileReference; fileEncoding = 4; lastKnownFileType = sourcecode.swift; name = FHAIDataManager.swift; path = classes/FHAIDataManager.swift; sourceTree = "<group>"; };
		B2E1EF181E9132F00010E32C /* FHAIPresenter.swift */ = {isa = PBXFileReference; fileEncoding = 4; lastKnownFileType = sourcecode.swift; name = FHAIPresenter.swift; path = classes/FHAIPresenter.swift; sourceTree = "<group>"; };
		B2E1EF1B1E9134400010E32C /* FHAIRouter.swift */ = {isa = PBXFileReference; fileEncoding = 4; lastKnownFileType = sourcecode.swift; name = FHAIRouter.swift; path = classes/FHAIRouter.swift; sourceTree = "<group>"; };
		B2E1EF1D1E9138470010E32C /* FHAIDocumentsViewController.swift */ = {isa = PBXFileReference; fileEncoding = 4; lastKnownFileType = sourcecode.swift; name = FHAIDocumentsViewController.swift; path = classes/FHAIDocumentsViewController.swift; sourceTree = "<group>"; };
		B2E1EF1F1E913C550010E32C /* FHAIDocumentsTableViewCell.swift */ = {isa = PBXFileReference; fileEncoding = 4; lastKnownFileType = sourcecode.swift; name = FHAIDocumentsTableViewCell.swift; path = classes/FHAIDocumentsTableViewCell.swift; sourceTree = "<group>"; };
		B72A60F41E97982A0071E155 /* CustomProperties.plist */ = {isa = PBXFileReference; fileEncoding = 4; lastKnownFileType = text.plist.xml; name = CustomProperties.plist; path = ../MeltwaterKit/CustomProperties.plist; sourceTree = "<group>"; };
		B72A60F71E9798530071E155 /* CustomProperties.plist */ = {isa = PBXFileReference; fileEncoding = 4; lastKnownFileType = text.plist.xml; path = CustomProperties.plist; sourceTree = "<group>"; };
		B7E2ED4B1E97B043003DB83F /* FHAWebViewController.swift */ = {isa = PBXFileReference; fileEncoding = 4; lastKnownFileType = sourcecode.swift; name = FHAWebViewController.swift; path = classes/FHAWebViewController.swift; sourceTree = "<group>"; };
		B83D7E9945AB2F38C2BD5687 /* Pods-MeltwaterKitTests.release.xcconfig */ = {isa = PBXFileReference; includeInIndex = 1; lastKnownFileType = text.xcconfig; name = "Pods-MeltwaterKitTests.release.xcconfig"; path = "Pods/Target Support Files/Pods-MeltwaterKitTests/Pods-MeltwaterKitTests.release.xcconfig"; sourceTree = "<group>"; };
		C271F6B223906C559CD59EFF /* Pods-MeltwaterKitDemo.debug.xcconfig */ = {isa = PBXFileReference; includeInIndex = 1; lastKnownFileType = text.xcconfig; name = "Pods-MeltwaterKitDemo.debug.xcconfig"; path = "Pods/Target Support Files/Pods-MeltwaterKitDemo/Pods-MeltwaterKitDemo.debug.xcconfig"; sourceTree = "<group>"; };
		C786E89A10F7348A321C3074 /* Pods-MeltwaterKit.release.xcconfig */ = {isa = PBXFileReference; includeInIndex = 1; lastKnownFileType = text.xcconfig; name = "Pods-MeltwaterKit.release.xcconfig"; path = "Pods/Target Support Files/Pods-MeltwaterKit/Pods-MeltwaterKit.release.xcconfig"; sourceTree = "<group>"; };
		C8B166DCEE47E0A6CA436F3C /* Pods-MeltwaterKitTest.release.xcconfig */ = {isa = PBXFileReference; includeInIndex = 1; lastKnownFileType = text.xcconfig; name = "Pods-MeltwaterKitTest.release.xcconfig"; path = "Pods/Target Support Files/Pods-MeltwaterKitTest/Pods-MeltwaterKitTest.release.xcconfig"; sourceTree = "<group>"; };
/* End PBXFileReference section */

/* Begin PBXFrameworksBuildPhase section */
		B253F8ED1E86089400EF58E7 /* Frameworks */ = {
			isa = PBXFrameworksBuildPhase;
			buildActionMask = 2147483647;
			files = (
				3D8E0E897FA1C367C92C27E2 /* Pods_MeltwaterKit.framework in Frameworks */,
			);
			runOnlyForDeploymentPostprocessing = 0;
		};
		B253F9491E860BE400EF58E7 /* Frameworks */ = {
			isa = PBXFrameworksBuildPhase;
			buildActionMask = 2147483647;
			files = (
				7F7D9CB3EC1AC4929E412B69 /* Pods_MeltwaterKitDemo.framework in Frameworks */,
			);
			runOnlyForDeploymentPostprocessing = 0;
		};
		B253F96A1E860BE400EF58E7 /* Frameworks */ = {
			isa = PBXFrameworksBuildPhase;
			buildActionMask = 2147483647;
			files = (
			);
			runOnlyForDeploymentPostprocessing = 0;
		};
		B2E1EEF31E90B2D30010E32C /* Frameworks */ = {
			isa = PBXFrameworksBuildPhase;
			buildActionMask = 2147483647;
			files = (
				B2E1EEFB1E90B2D30010E32C /* MeltwaterKit.framework in Frameworks */,
				0F0DC9E90B2DC1FE3E642F33 /* Pods_MeltwaterKitTests.framework in Frameworks */,
			);
			runOnlyForDeploymentPostprocessing = 0;
		};
/* End PBXFrameworksBuildPhase section */

/* Begin PBXGroup section */
		81B10488F003604487E1CBD7 /* Pods */ = {
			isa = PBXGroup;
			children = (
				6DB88598FAC4ABFF8CC0E7D6 /* Pods-MeltwaterKit.debug.xcconfig */,
				C786E89A10F7348A321C3074 /* Pods-MeltwaterKit.release.xcconfig */,
				1098F932FF074AE720787AE6 /* Pods-MeltwaterKitTest.debug.xcconfig */,
				C8B166DCEE47E0A6CA436F3C /* Pods-MeltwaterKitTest.release.xcconfig */,
				9DBF60FE59705A93E0165DB3 /* Pods-MeltwaterKitTests.debug.xcconfig */,
				B83D7E9945AB2F38C2BD5687 /* Pods-MeltwaterKitTests.release.xcconfig */,
				C271F6B223906C559CD59EFF /* Pods-MeltwaterKitDemo.debug.xcconfig */,
				36CCB751C8390EF53E364F0D /* Pods-MeltwaterKitDemo.release.xcconfig */,
			);
			name = Pods;
			sourceTree = "<group>";
		};
		B253F8E71E86089400EF58E7 = {
			isa = PBXGroup;
			children = (
				B253F8F31E86089400EF58E7 /* MeltwaterKit */,
				B2E1EEF71E90B2D30010E32C /* MeltwaterKitTests */,
				B253F93B1E860BA500EF58E7 /* MeltwaterKitTestUITests */,
				B253F94D1E860BE400EF58E7 /* MeltwaterKitDemo */,
				B253F9701E860BE400EF58E7 /* MeltwaterKitDemoUITests */,
				B253F8F21E86089400EF58E7 /* Products */,
				81B10488F003604487E1CBD7 /* Pods */,
				BFBC0DAABD37E8323AB2B51D /* Frameworks */,
			);
			sourceTree = "<group>";
		};
		B253F8F21E86089400EF58E7 /* Products */ = {
			isa = PBXGroup;
			children = (
				B253F8F11E86089400EF58E7 /* MeltwaterKit.framework */,
				B253F94C1E860BE400EF58E7 /* MeltwaterKitDemo.app */,
				B253F96D1E860BE400EF58E7 /* MeltwaterKitDemoUITests.xctest */,
				B2E1EEF61E90B2D30010E32C /* MeltwaterKitTests.xctest */,
			);
			name = Products;
			sourceTree = "<group>";
		};
		B253F8F31E86089400EF58E7 /* MeltwaterKit */ = {
			isa = PBXGroup;
			children = (
				B253F90C1E86090D00EF58E7 /* classes */,
				B253F90B1E86090400EF58E7 /* ui */,
				B253F8F41E86089400EF58E7 /* MeltwaterKit.h */,
				B253F8F51E86089400EF58E7 /* Info.plist */,
				B2618C841ECC9DDA002DF6A0 /* Auth0.plist */,
				B253F97D1E86341D00EF58E7 /* Assets.xcassets */,
			);
			path = MeltwaterKit;
			sourceTree = "<group>";
		};
		B253F90B1E86090400EF58E7 /* ui */ = {
			isa = PBXGroup;
			children = (
				B25D62421E93861100E3B7E6 /* BlueTheme.plist */,
				B25D62441E93861100E3B7E6 /* ThailandTheme.plist */,
				B25D62431E93861100E3B7E6 /* dark_logo.png */,
				B2BAE3A71ED548110069D8A9 /* logo.pdf */,
				B2BAE3A51ED547FC0069D8A9 /* mailbox.png */,
				B253F90F1E860A9500EF58E7 /* MeltwaterKit.storyboard */,
				B25D62331E934D9C00E3B7E6 /* RainbowView.swift */,
			);
			name = ui;
			sourceTree = "<group>";
		};
		B253F90C1E86090D00EF58E7 /* classes */ = {
			isa = PBXGroup;
			children = (
				B2DE4B4B1EAD766900F1012A /* Login */,
				B25D624D1E946AFA00E3B7E6 /* Search */,
				B25D624C1E9469D000E3B7E6 /* DocumentList */,
				B25D62481E93863000E3B7E6 /* Custom */,
				B7E2ED4B1E97B043003DB83F /* FHAWebViewController.swift */,
			);
			name = classes;
			sourceTree = "<group>";
		};
		B253F93B1E860BA500EF58E7 /* MeltwaterKitTestUITests */ = {
			isa = PBXGroup;
			children = (
				B253F93C1E860BA500EF58E7 /* MeltwaterKitTestUITests.swift */,
				B253F93E1E860BA500EF58E7 /* Info.plist */,
			);
			path = MeltwaterKitTestUITests;
			sourceTree = "<group>";
		};
		B253F94D1E860BE400EF58E7 /* MeltwaterKitDemo */ = {
			isa = PBXGroup;
			children = (
				B2DE4B4C1EAD76E300F1012A /* MeltwaterKitDemo.entitlements */,
				B72A60F41E97982A0071E155 /* CustomProperties.plist */,
				B253F94E1E860BE400EF58E7 /* AppDelegate.swift */,
				B253F9501E860BE400EF58E7 /* LoginViewController.swift */,
				B253F9521E860BE400EF58E7 /* Main.storyboard */,
				B253F9581E860BE400EF58E7 /* Assets.xcassets */,
				B253F95A1E860BE400EF58E7 /* LaunchScreen.storyboard */,
				B253F95D1E860BE400EF58E7 /* Info.plist */,
				B253F9551E860BE400EF58E7 /* MeltwaterKitDemo.xcdatamodeld */,
				B72A60F71E9798530071E155 /* CustomProperties.plist */,
				B2BAE3AE1ED54CA20069D8A9 /* Auth0.plist */,
			);
			path = MeltwaterKitDemo;
			sourceTree = "<group>";
		};
		B253F9701E860BE400EF58E7 /* MeltwaterKitDemoUITests */ = {
			isa = PBXGroup;
			children = (
				B253F9711E860BE400EF58E7 /* MeltwaterKitDemoUITests.swift */,
				B253F9731E860BE400EF58E7 /* Info.plist */,
			);
			path = MeltwaterKitDemoUITests;
			sourceTree = "<group>";
		};
		B25D62481E93863000E3B7E6 /* Custom */ = {
			isa = PBXGroup;
			children = (
				B25D62351E93614600E3B7E6 /* MWStyles.swift */,
			);
			name = Custom;
			sourceTree = "<group>";
		};
		B25D624C1E9469D000E3B7E6 /* DocumentList */ = {
			isa = PBXGroup;
			children = (
				B2E1EEDD1E90A9450010E32C /* Protocol */,
				B2E1EED51E90639D0010E32C /* View */,
				B2E1EF081E90D8CB0010E32C /* Interactor */,
				B2E1EF171E9132660010E32C /* Presenter */,
				B2E1EF0B1E90DC380010E32C /* Entity */,
				B2E1EF1A1E9134000010E32C /* Router */,
				B2E1EED61E9063B50010E32C /* DataManager */,
			);
			name = DocumentList;
			sourceTree = "<group>";
		};
		B25D624D1E946AFA00E3B7E6 /* Search */ = {
			isa = PBXGroup;
			children = (
				B25D624E1E946B1C00E3B7E6 /* Protocol */,
				B25D624F1E946B2700E3B7E6 /* View */,
				B25D62531E946B5F00E3B7E6 /* Interactor */,
				B25D62521E946B5000E3B7E6 /* Presenter */,
				B25D62511E946B4500E3B7E6 /* Entity */,
				B25D62501E946B3900E3B7E6 /* Router */,
			);
			name = Search;
			sourceTree = "<group>";
		};
		B25D624E1E946B1C00E3B7E6 /* Protocol */ = {
			isa = PBXGroup;
			children = (
			);
			name = Protocol;
			sourceTree = "<group>";
		};
		B25D624F1E946B2700E3B7E6 /* View */ = {
			isa = PBXGroup;
			children = (
				B25D62541E946C7400E3B7E6 /* SearchViewController.swift */,
			);
			name = View;
			sourceTree = "<group>";
		};
		B25D62501E946B3900E3B7E6 /* Router */ = {
			isa = PBXGroup;
			children = (
				B25D62571E9480EE00E3B7E6 /* SearchRouter.swift */,
			);
			name = Router;
			sourceTree = "<group>";
		};
		B25D62511E946B4500E3B7E6 /* Entity */ = {
			isa = PBXGroup;
			children = (
			);
			name = Entity;
			sourceTree = "<group>";
		};
		B25D62521E946B5000E3B7E6 /* Presenter */ = {
			isa = PBXGroup;
			children = (
			);
			name = Presenter;
			sourceTree = "<group>";
		};
		B25D62531E946B5F00E3B7E6 /* Interactor */ = {
			isa = PBXGroup;
			children = (
			);
			name = Interactor;
			sourceTree = "<group>";
		};
		B2618C801ECC9AB1002DF6A0 /* Controllers */ = {
			isa = PBXGroup;
			children = (
				B2618C821ECC9BCB002DF6A0 /* MagicLinkViewController.swift */,
				B2BAE3B01ED66E130069D8A9 /* EmailSentViewController.swift */,
			);
			name = Controllers;
			sourceTree = "<group>";
		};
		B2618C811ECC9B1C002DF6A0 /* ViewModels */ = {
			isa = PBXGroup;
			children = (
				B2BAE3A01ED483AB0069D8A9 /* MagicLinkViewModel.swift */,
			);
			name = ViewModels;
			sourceTree = "<group>";
		};
		B2BAE3A21ED487D30069D8A9 /* Models */ = {
			isa = PBXGroup;
			children = (
				B2BAE3A31ED4880A0069D8A9 /* AuthModel.swift */,
			);
			name = Models;
			sourceTree = "<group>";
		};
		B2DE4B4B1EAD766900F1012A /* Login */ = {
			isa = PBXGroup;
			children = (
				B2BAE3A21ED487D30069D8A9 /* Models */,
				B2618C811ECC9B1C002DF6A0 /* ViewModels */,
				B2618C801ECC9AB1002DF6A0 /* Controllers */,
				B2BAE3B31ED720700069D8A9 /* MWLoginManager.swift */,
			);
			name = Login;
			sourceTree = "<group>";
		};
		B2E1EED51E90639D0010E32C /* View */ = {
			isa = PBXGroup;
			children = (
				B2E1EED31E90637A0010E32C /* MWLoginViewController.swift */,
				B2E1EF1D1E9138470010E32C /* FHAIDocumentsViewController.swift */,
				B2E1EF1F1E913C550010E32C /* FHAIDocumentsTableViewCell.swift */,
			);
			name = View;
			sourceTree = "<group>";
		};
		B2E1EED61E9063B50010E32C /* DataManager */ = {
			isa = PBXGroup;
			children = (
				B2E1EF121E90E3EF0010E32C /* FHAIDataManager.swift */,
				B2E1EF051E90B8CA0010E32C /* RestClient.swift */,
			);
			name = DataManager;
			sourceTree = "<group>";
		};
		B2E1EEDD1E90A9450010E32C /* Protocol */ = {
			isa = PBXGroup;
			children = (
				B2E1EEDE1E90A9FC0010E32C /* FHAIProtocols.swift */,
			);
			name = Protocol;
			sourceTree = "<group>";
		};
		B2E1EEF71E90B2D30010E32C /* MeltwaterKitTests */ = {
			isa = PBXGroup;
			children = (
				B2E1EEF81E90B2D30010E32C /* MeltwaterKitTests.swift */,
				B2E1EEFA1E90B2D30010E32C /* Info.plist */,
				B2E1EF011E90B30F0010E32C /* FHAIDataModelTests.swift */,
			);
			path = MeltwaterKitTests;
			sourceTree = "<group>";
		};
		B2E1EF081E90D8CB0010E32C /* Interactor */ = {
			isa = PBXGroup;
			children = (
				B2E1EF091E90D9090010E32C /* FHAIInteractor.swift */,
			);
			name = Interactor;
			sourceTree = "<group>";
		};
		B2E1EF0B1E90DC380010E32C /* Entity */ = {
			isa = PBXGroup;
			children = (
				B2E1EF0C1E90DC730010E32C /* FHAIModels.swift */,
			);
			name = Entity;
			sourceTree = "<group>";
		};
		B2E1EF171E9132660010E32C /* Presenter */ = {
			isa = PBXGroup;
			children = (
				B2E1EF181E9132F00010E32C /* FHAIPresenter.swift */,
			);
			name = Presenter;
			sourceTree = "<group>";
		};
		B2E1EF1A1E9134000010E32C /* Router */ = {
			isa = PBXGroup;
			children = (
				B2E1EF1B1E9134400010E32C /* FHAIRouter.swift */,
			);
			name = Router;
			sourceTree = "<group>";
		};
		BFBC0DAABD37E8323AB2B51D /* Frameworks */ = {
			isa = PBXGroup;
			children = (
				A6E7B35994DFE4C125D0FD49 /* Pods_MeltwaterKit.framework */,
				69E61311E32E7956618151A3 /* Pods_MeltwaterKitTest.framework */,
				35146BF4EB56421D2D76729A /* Pods_MeltwaterKitTests.framework */,
				9A85D2898CC2694C94C4B181 /* Pods_MeltwaterKitDemo.framework */,
			);
			name = Frameworks;
			sourceTree = "<group>";
		};
/* End PBXGroup section */

/* Begin PBXHeadersBuildPhase section */
		B253F8EE1E86089400EF58E7 /* Headers */ = {
			isa = PBXHeadersBuildPhase;
			buildActionMask = 2147483647;
			files = (
				B253F9021E86089400EF58E7 /* MeltwaterKit.h in Headers */,
			);
			runOnlyForDeploymentPostprocessing = 0;
		};
/* End PBXHeadersBuildPhase section */

/* Begin PBXNativeTarget section */
		B253F8F01E86089400EF58E7 /* MeltwaterKit */ = {
			isa = PBXNativeTarget;
			buildConfigurationList = B253F9051E86089400EF58E7 /* Build configuration list for PBXNativeTarget "MeltwaterKit" */;
			buildPhases = (
				BFF29E93117C17B273F03F2F /* [CP] Check Pods Manifest.lock */,
				B253F8EC1E86089400EF58E7 /* Sources */,
				B253F8ED1E86089400EF58E7 /* Frameworks */,
				B253F8EE1E86089400EF58E7 /* Headers */,
				B253F8EF1E86089400EF58E7 /* Resources */,
				C84772E37BD27529A26E44E7 /* [CP] Copy Pods Resources */,
			);
			buildRules = (
			);
			dependencies = (
			);
			name = MeltwaterKit;
			productName = MeltwaterKit;
			productReference = B253F8F11E86089400EF58E7 /* MeltwaterKit.framework */;
			productType = "com.apple.product-type.framework";
		};
		B253F94B1E860BE400EF58E7 /* MeltwaterKitDemo */ = {
			isa = PBXNativeTarget;
			buildConfigurationList = B253F9741E860BE400EF58E7 /* Build configuration list for PBXNativeTarget "MeltwaterKitDemo" */;
			buildPhases = (
				0AED19EBFF4BE95CC3FF4864 /* [CP] Check Pods Manifest.lock */,
				B253F9481E860BE400EF58E7 /* Sources */,
				B253F9491E860BE400EF58E7 /* Frameworks */,
				B253F94A1E860BE400EF58E7 /* Resources */,
				B5B10AADEB8309C7656E7A2C /* [CP] Embed Pods Frameworks */,
				ABBBE9063967CADA2772BB79 /* [CP] Copy Pods Resources */,
			);
			buildRules = (
			);
			dependencies = (
			);
			name = MeltwaterKitDemo;
			productName = MeltwaterKitDemo;
			productReference = B253F94C1E860BE400EF58E7 /* MeltwaterKitDemo.app */;
			productType = "com.apple.product-type.application";
		};
		B253F96C1E860BE400EF58E7 /* MeltwaterKitDemoUITests */ = {
			isa = PBXNativeTarget;
			buildConfigurationList = B253F97A1E860BE400EF58E7 /* Build configuration list for PBXNativeTarget "MeltwaterKitDemoUITests" */;
			buildPhases = (
				B253F9691E860BE400EF58E7 /* Sources */,
				B253F96A1E860BE400EF58E7 /* Frameworks */,
				B253F96B1E860BE400EF58E7 /* Resources */,
			);
			buildRules = (
			);
			dependencies = (
				B253F96F1E860BE400EF58E7 /* PBXTargetDependency */,
			);
			name = MeltwaterKitDemoUITests;
			productName = MeltwaterKitDemoUITests;
			productReference = B253F96D1E860BE400EF58E7 /* MeltwaterKitDemoUITests.xctest */;
			productType = "com.apple.product-type.bundle.ui-testing";
		};
		B2E1EEF51E90B2D30010E32C /* MeltwaterKitTests */ = {
			isa = PBXNativeTarget;
			buildConfigurationList = B2E1EEFE1E90B2D30010E32C /* Build configuration list for PBXNativeTarget "MeltwaterKitTests" */;
			buildPhases = (
				D7F699F93690F79FA795B79A /* [CP] Check Pods Manifest.lock */,
				B2E1EEF21E90B2D30010E32C /* Sources */,
				B2E1EEF31E90B2D30010E32C /* Frameworks */,
				B2E1EEF41E90B2D30010E32C /* Resources */,
				2CCC7EBFCA3BECFF2C2AADE8 /* [CP] Embed Pods Frameworks */,
				317FA001970FDE1B0456E313 /* [CP] Copy Pods Resources */,
			);
			buildRules = (
			);
			dependencies = (
				B2E1EEFD1E90B2D30010E32C /* PBXTargetDependency */,
			);
			name = MeltwaterKitTests;
			productName = MeltwaterKitTests;
			productReference = B2E1EEF61E90B2D30010E32C /* MeltwaterKitTests.xctest */;
			productType = "com.apple.product-type.bundle.unit-test";
		};
/* End PBXNativeTarget section */

/* Begin PBXProject section */
		B253F8E81E86089400EF58E7 /* Project object */ = {
			isa = PBXProject;
			attributes = {
				LastSwiftUpdateCheck = 0820;
				LastUpgradeCheck = 0830;
				ORGANIZATIONNAME = Meltwater;
				TargetAttributes = {
					B253F8F01E86089400EF58E7 = {
						CreatedOnToolsVersion = 8.2.1;
						DevelopmentTeam = 3T7RA73QCK;
						LastSwiftMigration = 0820;
						ProvisioningStyle = Automatic;
					};
					B253F94B1E860BE400EF58E7 = {
						CreatedOnToolsVersion = 8.2.1;
						DevelopmentTeam = 3T7RA73QCK;
						ProvisioningStyle = Automatic;
						SystemCapabilities = {
							com.apple.SafariKeychain = {
								enabled = 1;
							};
						};
					};
					B253F96C1E860BE400EF58E7 = {
						CreatedOnToolsVersion = 8.2.1;
						DevelopmentTeam = 3T7RA73QCK;
						ProvisioningStyle = Automatic;
						TestTargetID = B253F94B1E860BE400EF58E7;
					};
					B2E1EEF51E90B2D30010E32C = {
						CreatedOnToolsVersion = 8.2.1;
						DevelopmentTeam = 3T7RA73QCK;
						ProvisioningStyle = Automatic;
					};
				};
			};
			buildConfigurationList = B253F8EB1E86089400EF58E7 /* Build configuration list for PBXProject "MeltwaterKit" */;
			compatibilityVersion = "Xcode 3.2";
			developmentRegion = English;
			hasScannedForEncodings = 0;
			knownRegions = (
				en,
				Base,
			);
			mainGroup = B253F8E71E86089400EF58E7;
			productRefGroup = B253F8F21E86089400EF58E7 /* Products */;
			projectDirPath = "";
			projectRoot = "";
			targets = (
				B253F8F01E86089400EF58E7 /* MeltwaterKit */,
				B253F94B1E860BE400EF58E7 /* MeltwaterKitDemo */,
				B253F96C1E860BE400EF58E7 /* MeltwaterKitDemoUITests */,
				B2E1EEF51E90B2D30010E32C /* MeltwaterKitTests */,
			);
		};
/* End PBXProject section */

/* Begin PBXResourcesBuildPhase section */
		B253F8EF1E86089400EF58E7 /* Resources */ = {
			isa = PBXResourcesBuildPhase;
			buildActionMask = 2147483647;
			files = (
				B25D62451E93861100E3B7E6 /* BlueTheme.plist in Resources */,
				B25D62461E93861100E3B7E6 /* dark_logo.png in Resources */,
				B253F97E1E86341D00EF58E7 /* Assets.xcassets in Resources */,
				B25D62471E93861100E3B7E6 /* ThailandTheme.plist in Resources */,
				B72A60F81E9798530071E155 /* CustomProperties.plist in Resources */,
				B2BAE3A61ED547FC0069D8A9 /* mailbox.png in Resources */,
				B72A60F51E97982A0071E155 /* CustomProperties.plist in Resources */,
				B253F9101E860A9500EF58E7 /* MeltwaterKit.storyboard in Resources */,
				B2618C851ECC9DDA002DF6A0 /* Auth0.plist in Resources */,
				B2BAE3A81ED548110069D8A9 /* logo.pdf in Resources */,
			);
			runOnlyForDeploymentPostprocessing = 0;
		};
		B253F94A1E860BE400EF58E7 /* Resources */ = {
			isa = PBXResourcesBuildPhase;
			buildActionMask = 2147483647;
			files = (
				B253F95C1E860BE400EF58E7 /* LaunchScreen.storyboard in Resources */,
				B25D624B1E94344F00E3B7E6 /* dark_logo.png in Resources */,
				B2BAE3AA1ED5482D0069D8A9 /* mailbox.png in Resources */,
				B72A60F91E9798530071E155 /* CustomProperties.plist in Resources */,
				B2BAE3A91ED548280069D8A9 /* logo.pdf in Resources */,
				B72A60F61E97982A0071E155 /* CustomProperties.plist in Resources */,
				B253F9591E860BE400EF58E7 /* Assets.xcassets in Resources */,
				B2E1EECF1E8EA4CE0010E32C /* Assets.xcassets in Resources */,
				B253F9541E860BE400EF58E7 /* Main.storyboard in Resources */,
				B25D624A1E93868400E3B7E6 /* ThailandTheme.plist in Resources */,
				B25D62491E93868000E3B7E6 /* BlueTheme.plist in Resources */,
				B2BAE3AF1ED54CA20069D8A9 /* Auth0.plist in Resources */,
				B2E1EF2B1E9162950010E32C /* MeltwaterKit.storyboard in Resources */,
			);
			runOnlyForDeploymentPostprocessing = 0;
		};
		B253F96B1E860BE400EF58E7 /* Resources */ = {
			isa = PBXResourcesBuildPhase;
			buildActionMask = 2147483647;
			files = (
			);
			runOnlyForDeploymentPostprocessing = 0;
		};
		B2E1EEF41E90B2D30010E32C /* Resources */ = {
			isa = PBXResourcesBuildPhase;
			buildActionMask = 2147483647;
			files = (
			);
			runOnlyForDeploymentPostprocessing = 0;
		};
/* End PBXResourcesBuildPhase section */

/* Begin PBXShellScriptBuildPhase section */
		0AED19EBFF4BE95CC3FF4864 /* [CP] Check Pods Manifest.lock */ = {
			isa = PBXShellScriptBuildPhase;
			buildActionMask = 2147483647;
			files = (
			);
			inputPaths = (
			);
			name = "[CP] Check Pods Manifest.lock";
			outputPaths = (
			);
			runOnlyForDeploymentPostprocessing = 0;
			shellPath = /bin/sh;
			shellScript = "diff \"${PODS_ROOT}/../Podfile.lock\" \"${PODS_ROOT}/Manifest.lock\" > /dev/null\nif [ $? != 0 ] ; then\n    # print error to STDERR\n    echo \"error: The sandbox is not in sync with the Podfile.lock. Run 'pod install' or update your CocoaPods installation.\" >&2\n    exit 1\nfi\n";
			showEnvVarsInLog = 0;
		};
		2CCC7EBFCA3BECFF2C2AADE8 /* [CP] Embed Pods Frameworks */ = {
			isa = PBXShellScriptBuildPhase;
			buildActionMask = 2147483647;
			files = (
			);
			inputPaths = (
			);
			name = "[CP] Embed Pods Frameworks";
			outputPaths = (
			);
			runOnlyForDeploymentPostprocessing = 0;
			shellPath = /bin/sh;
			shellScript = "\"${SRCROOT}/Pods/Target Support Files/Pods-MeltwaterKitTests/Pods-MeltwaterKitTests-frameworks.sh\"\n";
			showEnvVarsInLog = 0;
		};
		317FA001970FDE1B0456E313 /* [CP] Copy Pods Resources */ = {
			isa = PBXShellScriptBuildPhase;
			buildActionMask = 2147483647;
			files = (
			);
			inputPaths = (
			);
			name = "[CP] Copy Pods Resources";
			outputPaths = (
			);
			runOnlyForDeploymentPostprocessing = 0;
			shellPath = /bin/sh;
			shellScript = "\"${SRCROOT}/Pods/Target Support Files/Pods-MeltwaterKitTests/Pods-MeltwaterKitTests-resources.sh\"\n";
			showEnvVarsInLog = 0;
		};
		ABBBE9063967CADA2772BB79 /* [CP] Copy Pods Resources */ = {
			isa = PBXShellScriptBuildPhase;
			buildActionMask = 2147483647;
			files = (
			);
			inputPaths = (
			);
			name = "[CP] Copy Pods Resources";
			outputPaths = (
			);
			runOnlyForDeploymentPostprocessing = 0;
			shellPath = /bin/sh;
			shellScript = "\"${SRCROOT}/Pods/Target Support Files/Pods-MeltwaterKitDemo/Pods-MeltwaterKitDemo-resources.sh\"\n";
			showEnvVarsInLog = 0;
		};
		B5B10AADEB8309C7656E7A2C /* [CP] Embed Pods Frameworks */ = {
			isa = PBXShellScriptBuildPhase;
			buildActionMask = 2147483647;
			files = (
			);
			inputPaths = (
			);
			name = "[CP] Embed Pods Frameworks";
			outputPaths = (
			);
			runOnlyForDeploymentPostprocessing = 0;
			shellPath = /bin/sh;
			shellScript = "\"${SRCROOT}/Pods/Target Support Files/Pods-MeltwaterKitDemo/Pods-MeltwaterKitDemo-frameworks.sh\"\n";
			showEnvVarsInLog = 0;
		};
		BFF29E93117C17B273F03F2F /* [CP] Check Pods Manifest.lock */ = {
			isa = PBXShellScriptBuildPhase;
			buildActionMask = 2147483647;
			files = (
			);
			inputPaths = (
			);
			name = "[CP] Check Pods Manifest.lock";
			outputPaths = (
			);
			runOnlyForDeploymentPostprocessing = 0;
			shellPath = /bin/sh;
			shellScript = "diff \"${PODS_ROOT}/../Podfile.lock\" \"${PODS_ROOT}/Manifest.lock\" > /dev/null\nif [ $? != 0 ] ; then\n    # print error to STDERR\n    echo \"error: The sandbox is not in sync with the Podfile.lock. Run 'pod install' or update your CocoaPods installation.\" >&2\n    exit 1\nfi\n";
			showEnvVarsInLog = 0;
		};
		C84772E37BD27529A26E44E7 /* [CP] Copy Pods Resources */ = {
			isa = PBXShellScriptBuildPhase;
			buildActionMask = 2147483647;
			files = (
			);
			inputPaths = (
			);
			name = "[CP] Copy Pods Resources";
			outputPaths = (
			);
			runOnlyForDeploymentPostprocessing = 0;
			shellPath = /bin/sh;
			shellScript = "\"${SRCROOT}/Pods/Target Support Files/Pods-MeltwaterKit/Pods-MeltwaterKit-resources.sh\"\n";
			showEnvVarsInLog = 0;
		};
		D7F699F93690F79FA795B79A /* [CP] Check Pods Manifest.lock */ = {
			isa = PBXShellScriptBuildPhase;
			buildActionMask = 2147483647;
			files = (
			);
			inputPaths = (
			);
			name = "[CP] Check Pods Manifest.lock";
			outputPaths = (
			);
			runOnlyForDeploymentPostprocessing = 0;
			shellPath = /bin/sh;
			shellScript = "diff \"${PODS_ROOT}/../Podfile.lock\" \"${PODS_ROOT}/Manifest.lock\" > /dev/null\nif [ $? != 0 ] ; then\n    # print error to STDERR\n    echo \"error: The sandbox is not in sync with the Podfile.lock. Run 'pod install' or update your CocoaPods installation.\" >&2\n    exit 1\nfi\n";
			showEnvVarsInLog = 0;
		};
/* End PBXShellScriptBuildPhase section */

/* Begin PBXSourcesBuildPhase section */
		B253F8EC1E86089400EF58E7 /* Sources */ = {
			isa = PBXSourcesBuildPhase;
			buildActionMask = 2147483647;
			files = (
				B2E1EF191E9132F00010E32C /* FHAIPresenter.swift in Sources */,
				B25D62361E93614600E3B7E6 /* MWStyles.swift in Sources */,
				B2E1EF0A1E90D9090010E32C /* FHAIInteractor.swift in Sources */,
				B2E1EF0D1E90DC730010E32C /* FHAIModels.swift in Sources */,
				B2E1EF1E1E9138470010E32C /* FHAIDocumentsViewController.swift in Sources */,
				B2E1EED41E90637A0010E32C /* MWLoginViewController.swift in Sources */,
				B2E1EF1C1E9134400010E32C /* FHAIRouter.swift in Sources */,
				B2BAE3B41ED720700069D8A9 /* MWLoginManager.swift in Sources */,
				B2BAE3B11ED66E130069D8A9 /* EmailSentViewController.swift in Sources */,
				B2BAE3A41ED4880A0069D8A9 /* AuthModel.swift in Sources */,
				B2E1EF201E913C550010E32C /* FHAIDocumentsTableViewCell.swift in Sources */,
				B25D62551E946C7400E3B7E6 /* SearchViewController.swift in Sources */,
				B2E1EF131E90E3EF0010E32C /* FHAIDataManager.swift in Sources */,
				B25D62581E9480EE00E3B7E6 /* SearchRouter.swift in Sources */,
				B2E1EF061E90B8CA0010E32C /* RestClient.swift in Sources */,
				B2618C831ECC9BCB002DF6A0 /* MagicLinkViewController.swift in Sources */,
				B2E1EEDF1E90A9FC0010E32C /* FHAIProtocols.swift in Sources */,
				B25D62341E934D9C00E3B7E6 /* RainbowView.swift in Sources */,
				B2BAE3A11ED483AB0069D8A9 /* MagicLinkViewModel.swift in Sources */,
				B7E2ED4C1E97B043003DB83F /* FHAWebViewController.swift in Sources */,
			);
			runOnlyForDeploymentPostprocessing = 0;
		};
		B253F9481E860BE400EF58E7 /* Sources */ = {
			isa = PBXSourcesBuildPhase;
			buildActionMask = 2147483647;
			files = (
				B25D62561E946C7400E3B7E6 /* SearchViewController.swift in Sources */,
				B2E1EF211E9160D80010E32C /* FHAIRouter.swift in Sources */,
				B7E2ED4D1E97B043003DB83F /* FHAWebViewController.swift in Sources */,
				B253F9511E860BE400EF58E7 /* LoginViewController.swift in Sources */,
				B2E1EF291E91611B0010E32C /* FHAIPresenter.swift in Sources */,
				B25D62591E9480EE00E3B7E6 /* SearchRouter.swift in Sources */,
				B2BAE3AC1ED54A220069D8A9 /* MagicLinkViewModel.swift in Sources */,
				B25D623D1E9381B100E3B7E6 /* MWStyles.swift in Sources */,
				B2E1EF251E91610B0010E32C /* FHAIInteractor.swift in Sources */,
				B2BAE3AD1ED54A270069D8A9 /* AuthModel.swift in Sources */,
				B253F94F1E860BE400EF58E7 /* AppDelegate.swift in Sources */,
				B2E1EF231E9160FE0010E32C /* FHAIDocumentsViewController.swift in Sources */,
				B2BAE3B21ED66E130069D8A9 /* EmailSentViewController.swift in Sources */,
				B2E1EF2A1E91611F0010E32C /* FHAIModels.swift in Sources */,
				B253F9571E860BE400EF58E7 /* MeltwaterKitDemo.xcdatamodeld in Sources */,
				B2E1EF261E9161100010E32C /* FHAIDataManager.swift in Sources */,
				B2E1EF221E9160FC0010E32C /* MWLoginViewController.swift in Sources */,
				B2BAE3AB1ED54A1E0069D8A9 /* MagicLinkViewController.swift in Sources */,
				B2E1EF271E9161130010E32C /* RestClient.swift in Sources */,
				B2E1EF281E9161170010E32C /* FHAIProtocols.swift in Sources */,
				B2E1EF241E9161010010E32C /* FHAIDocumentsTableViewCell.swift in Sources */,
				B2BAE3B51ED720700069D8A9 /* MWLoginManager.swift in Sources */,
			);
			runOnlyForDeploymentPostprocessing = 0;
		};
		B253F9691E860BE400EF58E7 /* Sources */ = {
			isa = PBXSourcesBuildPhase;
			buildActionMask = 2147483647;
			files = (
				B253F9721E860BE400EF58E7 /* MeltwaterKitDemoUITests.swift in Sources */,
			);
			runOnlyForDeploymentPostprocessing = 0;
		};
		B2E1EEF21E90B2D30010E32C /* Sources */ = {
			isa = PBXSourcesBuildPhase;
			buildActionMask = 2147483647;
			files = (
				B2E1EF151E90E4500010E32C /* FHAIProtocols.swift in Sources */,
				B2E1EF101E90E34C0010E32C /* RestClient.swift in Sources */,
				B2E1EF141E90E4190010E32C /* FHAIDataManager.swift in Sources */,
				B2E1EEF91E90B2D30010E32C /* MeltwaterKitTests.swift in Sources */,
				B2E1EF021E90B30F0010E32C /* FHAIDataModelTests.swift in Sources */,
				B2E1EF161E90E4600010E32C /* FHAIModels.swift in Sources */,
			);
			runOnlyForDeploymentPostprocessing = 0;
		};
/* End PBXSourcesBuildPhase section */

/* Begin PBXTargetDependency section */
		B253F96F1E860BE400EF58E7 /* PBXTargetDependency */ = {
			isa = PBXTargetDependency;
			target = B253F94B1E860BE400EF58E7 /* MeltwaterKitDemo */;
			targetProxy = B253F96E1E860BE400EF58E7 /* PBXContainerItemProxy */;
		};
		B2E1EEFD1E90B2D30010E32C /* PBXTargetDependency */ = {
			isa = PBXTargetDependency;
			target = B253F8F01E86089400EF58E7 /* MeltwaterKit */;
			targetProxy = B2E1EEFC1E90B2D30010E32C /* PBXContainerItemProxy */;
		};
/* End PBXTargetDependency section */

/* Begin PBXVariantGroup section */
		B253F9521E860BE400EF58E7 /* Main.storyboard */ = {
			isa = PBXVariantGroup;
			children = (
				B253F9531E860BE400EF58E7 /* Base */,
			);
			name = Main.storyboard;
			sourceTree = "<group>";
		};
		B253F95A1E860BE400EF58E7 /* LaunchScreen.storyboard */ = {
			isa = PBXVariantGroup;
			children = (
				B253F95B1E860BE400EF58E7 /* Base */,
			);
			name = LaunchScreen.storyboard;
			sourceTree = "<group>";
		};
/* End PBXVariantGroup section */

/* Begin XCBuildConfiguration section */
		B253F9031E86089400EF58E7 /* Debug */ = {
			isa = XCBuildConfiguration;
			buildSettings = {
				ALWAYS_SEARCH_USER_PATHS = NO;
				CLANG_ANALYZER_NONNULL = YES;
				CLANG_CXX_LANGUAGE_STANDARD = "gnu++0x";
				CLANG_CXX_LIBRARY = "libc++";
				CLANG_ENABLE_MODULES = YES;
				CLANG_ENABLE_OBJC_ARC = YES;
				CLANG_WARN_BOOL_CONVERSION = YES;
				CLANG_WARN_CONSTANT_CONVERSION = YES;
				CLANG_WARN_DIRECT_OBJC_ISA_USAGE = YES_ERROR;
				CLANG_WARN_DOCUMENTATION_COMMENTS = YES;
				CLANG_WARN_EMPTY_BODY = YES;
				CLANG_WARN_ENUM_CONVERSION = YES;
				CLANG_WARN_INFINITE_RECURSION = YES;
				CLANG_WARN_INT_CONVERSION = YES;
				CLANG_WARN_OBJC_ROOT_CLASS = YES_ERROR;
				CLANG_WARN_SUSPICIOUS_MOVE = YES;
				CLANG_WARN_UNREACHABLE_CODE = YES;
				CLANG_WARN__DUPLICATE_METHOD_MATCH = YES;
				"CODE_SIGN_IDENTITY[sdk=iphoneos*]" = "iPhone Developer";
				COPY_PHASE_STRIP = NO;
				CURRENT_PROJECT_VERSION = 1;
				DEBUG_INFORMATION_FORMAT = dwarf;
				ENABLE_STRICT_OBJC_MSGSEND = YES;
				ENABLE_TESTABILITY = YES;
				GCC_C_LANGUAGE_STANDARD = gnu99;
				GCC_DYNAMIC_NO_PIC = NO;
				GCC_NO_COMMON_BLOCKS = YES;
				GCC_OPTIMIZATION_LEVEL = 0;
				GCC_PREPROCESSOR_DEFINITIONS = (
					"DEBUG=1",
					"$(inherited)",
				);
				GCC_WARN_64_TO_32_BIT_CONVERSION = YES;
				GCC_WARN_ABOUT_RETURN_TYPE = YES_ERROR;
				GCC_WARN_UNDECLARED_SELECTOR = YES;
				GCC_WARN_UNINITIALIZED_AUTOS = YES_AGGRESSIVE;
				GCC_WARN_UNUSED_FUNCTION = YES;
				GCC_WARN_UNUSED_VARIABLE = YES;
				IPHONEOS_DEPLOYMENT_TARGET = 10.2;
				MTL_ENABLE_DEBUG_INFO = YES;
				ONLY_ACTIVE_ARCH = YES;
				SDKROOT = iphoneos;
				SWIFT_ACTIVE_COMPILATION_CONDITIONS = DEBUG;
				SWIFT_OPTIMIZATION_LEVEL = "-Onone";
				TARGETED_DEVICE_FAMILY = "1,2";
				VERSIONING_SYSTEM = "apple-generic";
				VERSION_INFO_PREFIX = "";
			};
			name = Debug;
		};
		B253F9041E86089400EF58E7 /* Release */ = {
			isa = XCBuildConfiguration;
			buildSettings = {
				ALWAYS_SEARCH_USER_PATHS = NO;
				CLANG_ANALYZER_NONNULL = YES;
				CLANG_CXX_LANGUAGE_STANDARD = "gnu++0x";
				CLANG_CXX_LIBRARY = "libc++";
				CLANG_ENABLE_MODULES = YES;
				CLANG_ENABLE_OBJC_ARC = YES;
				CLANG_WARN_BOOL_CONVERSION = YES;
				CLANG_WARN_CONSTANT_CONVERSION = YES;
				CLANG_WARN_DIRECT_OBJC_ISA_USAGE = YES_ERROR;
				CLANG_WARN_DOCUMENTATION_COMMENTS = YES;
				CLANG_WARN_EMPTY_BODY = YES;
				CLANG_WARN_ENUM_CONVERSION = YES;
				CLANG_WARN_INFINITE_RECURSION = YES;
				CLANG_WARN_INT_CONVERSION = YES;
				CLANG_WARN_OBJC_ROOT_CLASS = YES_ERROR;
				CLANG_WARN_SUSPICIOUS_MOVE = YES;
				CLANG_WARN_UNREACHABLE_CODE = YES;
				CLANG_WARN__DUPLICATE_METHOD_MATCH = YES;
				"CODE_SIGN_IDENTITY[sdk=iphoneos*]" = "iPhone Developer";
				COPY_PHASE_STRIP = NO;
				CURRENT_PROJECT_VERSION = 1;
				DEBUG_INFORMATION_FORMAT = "dwarf-with-dsym";
				ENABLE_NS_ASSERTIONS = NO;
				ENABLE_STRICT_OBJC_MSGSEND = YES;
				GCC_C_LANGUAGE_STANDARD = gnu99;
				GCC_NO_COMMON_BLOCKS = YES;
				GCC_WARN_64_TO_32_BIT_CONVERSION = YES;
				GCC_WARN_ABOUT_RETURN_TYPE = YES_ERROR;
				GCC_WARN_UNDECLARED_SELECTOR = YES;
				GCC_WARN_UNINITIALIZED_AUTOS = YES_AGGRESSIVE;
				GCC_WARN_UNUSED_FUNCTION = YES;
				GCC_WARN_UNUSED_VARIABLE = YES;
				IPHONEOS_DEPLOYMENT_TARGET = 10.2;
				MTL_ENABLE_DEBUG_INFO = NO;
				SDKROOT = iphoneos;
				SWIFT_OPTIMIZATION_LEVEL = "-Owholemodule";
				TARGETED_DEVICE_FAMILY = "1,2";
				VALIDATE_PRODUCT = YES;
				VERSIONING_SYSTEM = "apple-generic";
				VERSION_INFO_PREFIX = "";
			};
			name = Release;
		};
		B253F9061E86089400EF58E7 /* Debug */ = {
			isa = XCBuildConfiguration;
			baseConfigurationReference = 6DB88598FAC4ABFF8CC0E7D6 /* Pods-MeltwaterKit.debug.xcconfig */;
			buildSettings = {
				CLANG_ENABLE_MODULES = YES;
				CODE_SIGN_IDENTITY = "";
				DEFINES_MODULE = YES;
				DEVELOPMENT_TEAM = 3T7RA73QCK;
				DYLIB_COMPATIBILITY_VERSION = 1;
				DYLIB_CURRENT_VERSION = 1;
				DYLIB_INSTALL_NAME_BASE = "@rpath";
				INFOPLIST_FILE = MeltwaterKit/Info.plist;
				INSTALL_PATH = "$(LOCAL_LIBRARY_DIR)/Frameworks";
				LD_RUNPATH_SEARCH_PATHS = "$(inherited) @executable_path/Frameworks @loader_path/Frameworks";
				PRODUCT_BUNDLE_IDENTIFIER = com.meltwater.MeltwaterKit;
				PRODUCT_NAME = "$(TARGET_NAME)";
				SKIP_INSTALL = YES;
				SWIFT_OPTIMIZATION_LEVEL = "-Onone";
				SWIFT_VERSION = 3.0;
			};
			name = Debug;
		};
		B253F9071E86089400EF58E7 /* Release */ = {
			isa = XCBuildConfiguration;
			baseConfigurationReference = C786E89A10F7348A321C3074 /* Pods-MeltwaterKit.release.xcconfig */;
			buildSettings = {
				CLANG_ENABLE_MODULES = YES;
				CODE_SIGN_IDENTITY = "";
				DEFINES_MODULE = YES;
				DEVELOPMENT_TEAM = 3T7RA73QCK;
				DYLIB_COMPATIBILITY_VERSION = 1;
				DYLIB_CURRENT_VERSION = 1;
				DYLIB_INSTALL_NAME_BASE = "@rpath";
				INFOPLIST_FILE = MeltwaterKit/Info.plist;
				INSTALL_PATH = "$(LOCAL_LIBRARY_DIR)/Frameworks";
				LD_RUNPATH_SEARCH_PATHS = "$(inherited) @executable_path/Frameworks @loader_path/Frameworks";
				PRODUCT_BUNDLE_IDENTIFIER = com.meltwater.MeltwaterKit;
				PRODUCT_NAME = "$(TARGET_NAME)";
				SKIP_INSTALL = YES;
				SWIFT_VERSION = 3.0;
			};
			name = Release;
		};
		B253F9751E860BE400EF58E7 /* Debug */ = {
			isa = XCBuildConfiguration;
			baseConfigurationReference = C271F6B223906C559CD59EFF /* Pods-MeltwaterKitDemo.debug.xcconfig */;
			buildSettings = {
				ALWAYS_EMBED_SWIFT_STANDARD_LIBRARIES = YES;
				ASSETCATALOG_COMPILER_APPICON_NAME = AppIcon;
				CODE_SIGN_ENTITLEMENTS = MeltwaterKitDemo/MeltwaterKitDemo.entitlements;
				DEVELOPMENT_TEAM = 3T7RA73QCK;
				INFOPLIST_FILE = MeltwaterKitDemo/Info.plist;
				LD_RUNPATH_SEARCH_PATHS = "$(inherited) @executable_path/Frameworks";
				PRODUCT_BUNDLE_IDENTIFIER = com.meltwater.MeltwaterKitDemo;
				PRODUCT_NAME = "$(TARGET_NAME)";
				SWIFT_VERSION = 3.0;
			};
			name = Debug;
		};
		B253F9761E860BE400EF58E7 /* Release */ = {
			isa = XCBuildConfiguration;
			baseConfigurationReference = 36CCB751C8390EF53E364F0D /* Pods-MeltwaterKitDemo.release.xcconfig */;
			buildSettings = {
				ALWAYS_EMBED_SWIFT_STANDARD_LIBRARIES = YES;
				ASSETCATALOG_COMPILER_APPICON_NAME = AppIcon;
				CODE_SIGN_ENTITLEMENTS = MeltwaterKitDemo/MeltwaterKitDemo.entitlements;
				DEVELOPMENT_TEAM = 3T7RA73QCK;
				INFOPLIST_FILE = MeltwaterKitDemo/Info.plist;
				LD_RUNPATH_SEARCH_PATHS = "$(inherited) @executable_path/Frameworks";
				PRODUCT_BUNDLE_IDENTIFIER = com.meltwater.MeltwaterKitDemo;
				PRODUCT_NAME = "$(TARGET_NAME)";
				SWIFT_VERSION = 3.0;
			};
			name = Release;
		};
		B253F97B1E860BE400EF58E7 /* Debug */ = {
			isa = XCBuildConfiguration;
			buildSettings = {
				ALWAYS_EMBED_SWIFT_STANDARD_LIBRARIES = YES;
				DEVELOPMENT_TEAM = 3T7RA73QCK;
				INFOPLIST_FILE = MeltwaterKitDemoUITests/Info.plist;
				LD_RUNPATH_SEARCH_PATHS = "$(inherited) @executable_path/Frameworks @loader_path/Frameworks";
				PRODUCT_BUNDLE_IDENTIFIER = com.meltwater.MeltwaterKitDemoUITests;
				PRODUCT_NAME = "$(TARGET_NAME)";
				SWIFT_VERSION = 3.0;
				TEST_TARGET_NAME = MeltwaterKitDemo;
			};
			name = Debug;
		};
		B253F97C1E860BE400EF58E7 /* Release */ = {
			isa = XCBuildConfiguration;
			buildSettings = {
				ALWAYS_EMBED_SWIFT_STANDARD_LIBRARIES = YES;
				DEVELOPMENT_TEAM = 3T7RA73QCK;
				INFOPLIST_FILE = MeltwaterKitDemoUITests/Info.plist;
				LD_RUNPATH_SEARCH_PATHS = "$(inherited) @executable_path/Frameworks @loader_path/Frameworks";
				PRODUCT_BUNDLE_IDENTIFIER = com.meltwater.MeltwaterKitDemoUITests;
				PRODUCT_NAME = "$(TARGET_NAME)";
				SWIFT_VERSION = 3.0;
				TEST_TARGET_NAME = MeltwaterKitDemo;
			};
			name = Release;
		};
		B2E1EEFF1E90B2D30010E32C /* Debug */ = {
			isa = XCBuildConfiguration;
			baseConfigurationReference = 9DBF60FE59705A93E0165DB3 /* Pods-MeltwaterKitTests.debug.xcconfig */;
			buildSettings = {
				ALWAYS_EMBED_SWIFT_STANDARD_LIBRARIES = YES;
				DEVELOPMENT_TEAM = 3T7RA73QCK;
				INFOPLIST_FILE = MeltwaterKitTests/Info.plist;
				LD_RUNPATH_SEARCH_PATHS = "$(inherited) @executable_path/Frameworks @loader_path/Frameworks";
				PRODUCT_BUNDLE_IDENTIFIER = com.meltwater.MeltwaterKitTests;
				PRODUCT_NAME = "$(TARGET_NAME)";
				SWIFT_VERSION = 3.0;
			};
			name = Debug;
		};
		B2E1EF001E90B2D30010E32C /* Release */ = {
			isa = XCBuildConfiguration;
			baseConfigurationReference = B83D7E9945AB2F38C2BD5687 /* Pods-MeltwaterKitTests.release.xcconfig */;
			buildSettings = {
				ALWAYS_EMBED_SWIFT_STANDARD_LIBRARIES = YES;
				DEVELOPMENT_TEAM = 3T7RA73QCK;
				INFOPLIST_FILE = MeltwaterKitTests/Info.plist;
				LD_RUNPATH_SEARCH_PATHS = "$(inherited) @executable_path/Frameworks @loader_path/Frameworks";
				PRODUCT_BUNDLE_IDENTIFIER = com.meltwater.MeltwaterKitTests;
				PRODUCT_NAME = "$(TARGET_NAME)";
				SWIFT_VERSION = 3.0;
			};
			name = Release;
		};
/* End XCBuildConfiguration section */

/* Begin XCConfigurationList section */
		B253F8EB1E86089400EF58E7 /* Build configuration list for PBXProject "MeltwaterKit" */ = {
			isa = XCConfigurationList;
			buildConfigurations = (
				B253F9031E86089400EF58E7 /* Debug */,
				B253F9041E86089400EF58E7 /* Release */,
			);
			defaultConfigurationIsVisible = 0;
			defaultConfigurationName = Release;
		};
		B253F9051E86089400EF58E7 /* Build configuration list for PBXNativeTarget "MeltwaterKit" */ = {
			isa = XCConfigurationList;
			buildConfigurations = (
				B253F9061E86089400EF58E7 /* Debug */,
				B253F9071E86089400EF58E7 /* Release */,
			);
			defaultConfigurationIsVisible = 0;
			defaultConfigurationName = Release;
		};
		B253F9741E860BE400EF58E7 /* Build configuration list for PBXNativeTarget "MeltwaterKitDemo" */ = {
			isa = XCConfigurationList;
			buildConfigurations = (
				B253F9751E860BE400EF58E7 /* Debug */,
				B253F9761E860BE400EF58E7 /* Release */,
			);
			defaultConfigurationIsVisible = 0;
			defaultConfigurationName = Release;
		};
		B253F97A1E860BE400EF58E7 /* Build configuration list for PBXNativeTarget "MeltwaterKitDemoUITests" */ = {
			isa = XCConfigurationList;
			buildConfigurations = (
				B253F97B1E860BE400EF58E7 /* Debug */,
				B253F97C1E860BE400EF58E7 /* Release */,
			);
			defaultConfigurationIsVisible = 0;
			defaultConfigurationName = Release;
		};
		B2E1EEFE1E90B2D30010E32C /* Build configuration list for PBXNativeTarget "MeltwaterKitTests" */ = {
			isa = XCConfigurationList;
			buildConfigurations = (
				B2E1EEFF1E90B2D30010E32C /* Debug */,
				B2E1EF001E90B2D30010E32C /* Release */,
			);
			defaultConfigurationIsVisible = 0;
			defaultConfigurationName = Release;
		};
/* End XCConfigurationList section */

/* Begin XCVersionGroup section */
		B253F9551E860BE400EF58E7 /* MeltwaterKitDemo.xcdatamodeld */ = {
			isa = XCVersionGroup;
			children = (
				B253F9561E860BE400EF58E7 /* MeltwaterKitDemo.xcdatamodel */,
			);
			currentVersion = B253F9561E860BE400EF58E7 /* MeltwaterKitDemo.xcdatamodel */;
			path = MeltwaterKitDemo.xcdatamodeld;
			sourceTree = "<group>";
			versionGroupType = wrapper.xcdatamodel;
		};
/* End XCVersionGroup section */
	};
	rootObject = B253F8E81E86089400EF58E7 /* Project object */;
}
